
Microsoft Visual Studio Solution File, Format Version 12.00
# Visual Studio 2013
VisualStudioVersion = 12.0.21005.1
MinimumVisualStudioVersion = 10.0.40219.1
Project("{FAE04EC0-301F-11D3-BF4B-00C04F79EFBC}") = "JSPrototype", "JSPrototype\JSPrototype.csproj", "{53E478DA-7180-4162-AB13-138E8EE238BC}"
EndProject
Project("{FAE04EC0-301F-11D3-BF4B-00C04F79EFBC}") = "UsingPlugin", "UsingPlugin\UsingPlugin.csproj", "{EF166A07-9F64-40BA-8695-80F2E4C86B38}"
EndProject
Project("{FAE04EC0-301F-11D3-BF4B-00C04F79EFBC}") = "SamplePlugin", "SamplePlugin\SamplePlugin.csproj", "{100B2BE3-0923-4EFB-902D-06BB9E9009C8}"
EndProject
Project("{FAE04EC0-301F-11D3-BF4B-00C04F79EFBC}") = "PopupAdPlugin", "PopupAdPlugin\PopupAdPlugin.csproj", "{013A4436-657E-4627-8701-6D40D42A98A7}"
EndProject
Global
	GlobalSection(SolutionConfigurationPlatforms) = preSolution
		Debug|Any CPU = Debug|Any CPU
		Release|Any CPU = Release|Any CPU
	EndGlobalSection
	GlobalSection(ProjectConfigurationPlatforms) = postSolution
		{53E478DA-7180-4162-AB13-138E8EE238BC}.Debug|Any CPU.ActiveCfg = Debug|Any CPU
		{53E478DA-7180-4162-AB13-138E8EE238BC}.Debug|Any CPU.Build.0 = Debug|Any CPU
		{53E478DA-7180-4162-AB13-138E8EE238BC}.Release|Any CPU.ActiveCfg = Release|Any CPU
		{53E478DA-7180-4162-AB13-138E8EE238BC}.Release|Any CPU.Build.0 = Release|Any CPU
		{EF166A07-9F64-40BA-8695-80F2E4C86B38}.Debug|Any CPU.ActiveCfg = Debug|Any CPU
		{EF166A07-9F64-40BA-8695-80F2E4C86B38}.Debug|Any CPU.Build.0 = Debug|Any CPU
		{EF166A07-9F64-40BA-8695-80F2E4C86B38}.Release|Any CPU.ActiveCfg = Release|Any CPU
		{EF166A07-9F64-40BA-8695-80F2E4C86B38}.Release|Any CPU.Build.0 = Release|Any CPU
		{100B2BE3-0923-4EFB-902D-06BB9E9009C8}.Debug|Any CPU.ActiveCfg = Debug|Any CPU
		{100B2BE3-0923-4EFB-902D-06BB9E9009C8}.Debug|Any CPU.Build.0 = Debug|Any CPU
		{100B2BE3-0923-4EFB-902D-06BB9E9009C8}.Release|Any CPU.ActiveCfg = Release|Any CPU
		{100B2BE3-0923-4EFB-902D-06BB9E9009C8}.Release|Any CPU.Build.0 = Release|Any CPU
		{013A4436-657E-4627-8701-6D40D42A98A7}.Debug|Any CPU.ActiveCfg = Debug|Any CPU
		{013A4436-657E-4627-8701-6D40D42A98A7}.Debug|Any CPU.Build.0 = Debug|Any CPU
		{013A4436-657E-4627-8701-6D40D42A98A7}.Release|Any CPU.ActiveCfg = Release|Any CPU
		{013A4436-657E-4627-8701-6D40D42A98A7}.Release|Any CPU.Build.0 = Release|Any CPU
	EndGlobalSection
	GlobalSection(SolutionProperties) = preSolution
		HideSolutionNode = FALSE
	EndGlobalSection
EndGlobal
