
Microsoft Visual Studio Solution File, Format Version 12.00
# Visual Studio 2013
VisualStudioVersion = 12.0.21005.1
MinimumVisualStudioVersion = 10.0.40219.1
Project("{FAE04EC0-301F-11D3-BF4B-00C04F79EFBC}") = "AttributesProperties", "AttributesProperties\AttributesProperties.csproj", "{4FFE8709-D645-4B43-8D7F-1D8797EA1837}"
EndProject
Project("{FAE04EC0-301F-11D3-BF4B-00C04F79EFBC}") = "CSSFeatures", "CSSFeatures\CSSFeatures.csproj", "{43DC622C-C279-459B-AB2E-E14FEF270A10}"
EndProject
Project("{FAE04EC0-301F-11D3-BF4B-00C04F79EFBC}") = "ManipulatingDOM", "ManipulatingDOM\ManipulatingDOM.csproj", "{7CCC7274-7108-4F58-B532-A1B3C7092312}"
EndProject
Global
	GlobalSection(SolutionConfigurationPlatforms) = preSolution
		Debug|Any CPU = Debug|Any CPU
		Release|Any CPU = Release|Any CPU
	EndGlobalSection
	GlobalSection(ProjectConfigurationPlatforms) = postSolution
		{4FFE8709-D645-4B43-8D7F-1D8797EA1837}.Debug|Any CPU.ActiveCfg = Debug|Any CPU
		{4FFE8709-D645-4B43-8D7F-1D8797EA1837}.Debug|Any CPU.Build.0 = Debug|Any CPU
		{4FFE8709-D645-4B43-8D7F-1D8797EA1837}.Release|Any CPU.ActiveCfg = Release|Any CPU
		{4FFE8709-D645-4B43-8D7F-1D8797EA1837}.Release|Any CPU.Build.0 = Release|Any CPU
		{43DC622C-C279-459B-AB2E-E14FEF270A10}.Debug|Any CPU.ActiveCfg = Debug|Any CPU
		{43DC622C-C279-459B-AB2E-E14FEF270A10}.Debug|Any CPU.Build.0 = Debug|Any CPU
		{43DC622C-C279-459B-AB2E-E14FEF270A10}.Release|Any CPU.ActiveCfg = Release|Any CPU
		{43DC622C-C279-459B-AB2E-E14FEF270A10}.Release|Any CPU.Build.0 = Release|Any CPU
		{7CCC7274-7108-4F58-B532-A1B3C7092312}.Debug|Any CPU.ActiveCfg = Debug|Any CPU
		{7CCC7274-7108-4F58-B532-A1B3C7092312}.Debug|Any CPU.Build.0 = Debug|Any CPU
		{7CCC7274-7108-4F58-B532-A1B3C7092312}.Release|Any CPU.ActiveCfg = Release|Any CPU
		{7CCC7274-7108-4F58-B532-A1B3C7092312}.Release|Any CPU.Build.0 = Release|Any CPU
	EndGlobalSection
	GlobalSection(SolutionProperties) = preSolution
		HideSolutionNode = FALSE
	EndGlobalSection
EndGlobal
