
Microsoft Visual Studio Solution File, Format Version 12.00
# Visual Studio 2013
VisualStudioVersion = 12.0.21005.1
MinimumVisualStudioVersion = 10.0.40219.1
Project("{FAE04EC0-301F-11D3-BF4B-00C04F79EFBC}") = "CustomData", "CustomData\CustomData.csproj", "{7B5D2351-6854-4465-BD71-54AACC8D5753}"
EndProject
Project("{FAE04EC0-301F-11D3-BF4B-00C04F79EFBC}") = "MiscMethods", "MiscMethods\MiscMethods.csproj", "{A9397DAA-634D-4C2C-92DB-4149391FCAD4}"
EndProject
Project("{FAE04EC0-301F-11D3-BF4B-00C04F79EFBC}") = "TreeTraversal", "TreeTraversal\TreeTraversal.csproj", "{40702479-652F-49E9-AFD4-47BC093DB36A}"
EndProject
Global
	GlobalSection(SolutionConfigurationPlatforms) = preSolution
		Debug|Any CPU = Debug|Any CPU
		Release|Any CPU = Release|Any CPU
	EndGlobalSection
	GlobalSection(ProjectConfigurationPlatforms) = postSolution
		{7B5D2351-6854-4465-BD71-54AACC8D5753}.Debug|Any CPU.ActiveCfg = Debug|Any CPU
		{7B5D2351-6854-4465-BD71-54AACC8D5753}.Debug|Any CPU.Build.0 = Debug|Any CPU
		{7B5D2351-6854-4465-BD71-54AACC8D5753}.Release|Any CPU.ActiveCfg = Release|Any CPU
		{7B5D2351-6854-4465-BD71-54AACC8D5753}.Release|Any CPU.Build.0 = Release|Any CPU
		{A9397DAA-634D-4C2C-92DB-4149391FCAD4}.Debug|Any CPU.ActiveCfg = Debug|Any CPU
		{A9397DAA-634D-4C2C-92DB-4149391FCAD4}.Debug|Any CPU.Build.0 = Debug|Any CPU
		{A9397DAA-634D-4C2C-92DB-4149391FCAD4}.Release|Any CPU.ActiveCfg = Release|Any CPU
		{A9397DAA-634D-4C2C-92DB-4149391FCAD4}.Release|Any CPU.Build.0 = Release|Any CPU
		{40702479-652F-49E9-AFD4-47BC093DB36A}.Debug|Any CPU.ActiveCfg = Debug|Any CPU
		{40702479-652F-49E9-AFD4-47BC093DB36A}.Debug|Any CPU.Build.0 = Debug|Any CPU
		{40702479-652F-49E9-AFD4-47BC093DB36A}.Release|Any CPU.ActiveCfg = Release|Any CPU
		{40702479-652F-49E9-AFD4-47BC093DB36A}.Release|Any CPU.Build.0 = Release|Any CPU
	EndGlobalSection
	GlobalSection(SolutionProperties) = preSolution
		HideSolutionNode = FALSE
	EndGlobalSection
EndGlobal
